
Microsoft Visual Studio Solution File, Format Version 12.00
# Visual Studio 2013
VisualStudioVersion = 12.0.40629.0
MinimumVisualStudioVersion = 10.0.40219.1
Project("{FAE04EC0-301F-11D3-BF4B-00C04F79EFBC}") = "SisRes.Vista", "SisRes.Vista\SisRes.Vista.csproj", "{788A3665-1FDF-4D3F-809C-6C896BAFF79F}"
EndProject
Project("{FAE04EC0-301F-11D3-BF4B-00C04F79EFBC}") = "SisRes.Negocio", "SisRes.Negocio\SisRes.Negocio.csproj", "{39358A30-727C-41DB-85F6-FC822041AE7D}"
EndProject
Project("{FAE04EC0-301F-11D3-BF4B-00C04F79EFBC}") = "SisRes.Datos", "SisRes.Datos\SisRes.Datos.csproj", "{D8C8F768-D0BC-4199-862B-341E1C3258C2}"
EndProject
Project("{FAE04EC0-301F-11D3-BF4B-00C04F79EFBC}") = "SisRes.Entidades", "SisRes.Entidades\SisRes.Entidades.csproj", "{80FF6EEA-5F0A-489F-87A2-CFA8B9EB6769}"
EndProject
Global
	GlobalSection(SolutionConfigurationPlatforms) = preSolution
		Debug|Any CPU = Debug|Any CPU
		Release|Any CPU = Release|Any CPU
	EndGlobalSection
	GlobalSection(ProjectConfigurationPlatforms) = postSolution
		{788A3665-1FDF-4D3F-809C-6C896BAFF79F}.Debug|Any CPU.ActiveCfg = Debug|Any CPU
		{788A3665-1FDF-4D3F-809C-6C896BAFF79F}.Debug|Any CPU.Build.0 = Debug|Any CPU
		{788A3665-1FDF-4D3F-809C-6C896BAFF79F}.Release|Any CPU.ActiveCfg = Release|Any CPU
		{788A3665-1FDF-4D3F-809C-6C896BAFF79F}.Release|Any CPU.Build.0 = Release|Any CPU
		{39358A30-727C-41DB-85F6-FC822041AE7D}.Debug|Any CPU.ActiveCfg = Debug|Any CPU
		{39358A30-727C-41DB-85F6-FC822041AE7D}.Debug|Any CPU.Build.0 = Debug|Any CPU
		{39358A30-727C-41DB-85F6-FC822041AE7D}.Release|Any CPU.ActiveCfg = Release|Any CPU
		{39358A30-727C-41DB-85F6-FC822041AE7D}.Release|Any CPU.Build.0 = Release|Any CPU
		{D8C8F768-D0BC-4199-862B-341E1C3258C2}.Debug|Any CPU.ActiveCfg = Debug|Any CPU
		{D8C8F768-D0BC-4199-862B-341E1C3258C2}.Debug|Any CPU.Build.0 = Debug|Any CPU
		{D8C8F768-D0BC-4199-862B-341E1C3258C2}.Release|Any CPU.ActiveCfg = Release|Any CPU
		{D8C8F768-D0BC-4199-862B-341E1C3258C2}.Release|Any CPU.Build.0 = Release|Any CPU
		{80FF6EEA-5F0A-489F-87A2-CFA8B9EB6769}.Debug|Any CPU.ActiveCfg = Debug|Any CPU
		{80FF6EEA-5F0A-489F-87A2-CFA8B9EB6769}.Debug|Any CPU.Build.0 = Debug|Any CPU
		{80FF6EEA-5F0A-489F-87A2-CFA8B9EB6769}.Release|Any CPU.ActiveCfg = Release|Any CPU
		{80FF6EEA-5F0A-489F-87A2-CFA8B9EB6769}.Release|Any CPU.Build.0 = Release|Any CPU
	EndGlobalSection
	GlobalSection(SolutionProperties) = preSolution
		HideSolutionNode = FALSE
	EndGlobalSection
EndGlobal
